# This file is autogenerated, do not edit; changes may be undone by the next 'dep ensure'.


[[projects]]
  digest = "1:e4f5819333ac698d294fe04dbf640f84719658d5c7ce195b10060cc37292ce79"
  name = "github.com/golang/snappy"
  packages = ["."]
  pruneopts = "UT"
  revision = "2a8bb927dd31d8daada140a5d09578521ce5c36a"
  version = "v0.0.1"

[[projects]]
  digest = "1:5b180f17d5bc50b765f4dcf0d126c72979531cbbd7f7929bf3edd87fb801ea2d"
  name = "github.com/syndtr/goleveldb"
  packages = [
    "leveldb",
    "leveldb/cache",
    "leveldb/comparer",
    "leveldb/errors",
    "leveldb/filter",
    "leveldb/iterator",
    "leveldb/journal",
    "leveldb/memdb",
    "leveldb/opt",
    "leveldb/storage",
    "leveldb/table",
    "leveldb/util",
  ]
  pruneopts = "UT"
  revision = "9d007e481048296f09f59bd19bb7ae584563cd95"
  version = "v1.0.0"

[[projects]]
  digest = "1:8094793080b0a79b50a29fed952128214745ff8febc9de74d921640461455586"
  name = "xorm.io/builder"
  packages = ["."]
  pruneopts = "UT"
  revision = "06d6d3e89f313f2fdb4ad459ad4c790183e0ef22"
  version = "v0.3.7"

[[projects]]
  digest = "1:323fdd3aa54422ee5afd12195b9ea40ceedad70985f22975cd00cd0f14de070d"
  name = "xorm.io/xorm"
  packages = [
    ".",
    "caches",
    "contexts",
    "convert",
    "core",
    "dialects",
    "internal/json",
    "internal/statements",
    "internal/utils",
    "log",
    "names",
    "schemas",
    "tags",
  ]
  pruneopts = "UT"
  revision = "3e4dc66c5892d72f732a79d68fe6f9b3c29a33d0"
  version = "v1.0.1"

[solve-meta]
  analyzer-name = "dep"
  analyzer-version = 1
  input-imports = ["xorm.io/xorm"]
  solver-name = "gps-cdcl"
  solver-version = 1
